// !$*UTF8*$!
{
	archiveVersion = 1;
	classes = {
	};
	objectVersion = 55;
	objects = {

/* Begin PBXBuildFile section */
		474F110028B3DAF4005ADD60 /* PostTableViewCell.swift in Sources */ = {isa = PBXBuildFile; fileRef = 474F10FE28B3DAF4005ADD60 /* PostTableViewCell.swift */; };
		474F110128B3DAF4005ADD60 /* PostTableViewCell.xib in Resources */ = {isa = PBXBuildFile; fileRef = 474F10FF28B3DAF4005ADD60 /* PostTableViewCell.xib */; };
		474F110428B3E185005ADD60 /* PostDetailViewController.swift in Sources */ = {isa = PBXBuildFile; fileRef = 474F110228B3E185005ADD60 /* PostDetailViewController.swift */; };
		474F110528B3E185005ADD60 /* PostDetailViewController.xib in Resources */ = {isa = PBXBuildFile; fileRef = 474F110328B3E185005ADD60 /* PostDetailViewController.xib */; };
		478DC99028B313C100C3EC96 /* APIManager.swift in Sources */ = {isa = PBXBuildFile; fileRef = 478DC98F28B313C100C3EC96 /* APIManager.swift */; };
		478DC99328B3144900C3EC96 /* Alamofire in Frameworks */ = {isa = PBXBuildFile; productRef = 478DC99228B3144900C3EC96 /* Alamofire */; };
		478DC99528B314A200C3EC96 /* EndPoint.swift in Sources */ = {isa = PBXBuildFile; fileRef = 478DC99428B314A200C3EC96 /* EndPoint.swift */; };
		478DC99828B3154700C3EC96 /* PostsWireframe.swift in Sources */ = {isa = PBXBuildFile; fileRef = 478DC99728B3154700C3EC96 /* PostsWireframe.swift */; };
		478DC99A28B3155A00C3EC96 /* PostsInterfaces.swift in Sources */ = {isa = PBXBuildFile; fileRef = 478DC99928B3155A00C3EC96 /* PostsInterfaces.swift */; };
		478DC99C28B3157D00C3EC96 /* PostsInteractor.swift in Sources */ = {isa = PBXBuildFile; fileRef = 478DC99B28B3157D00C3EC96 /* PostsInteractor.swift */; };
		478DC99E28B3158700C3EC96 /* PostsPresenter.swift in Sources */ = {isa = PBXBuildFile; fileRef = 478DC99D28B3158700C3EC96 /* PostsPresenter.swift */; };
		478DC9A128B315BA00C3EC96 /* PostsViewController.swift in Sources */ = {isa = PBXBuildFile; fileRef = 478DC9A028B315BA00C3EC96 /* PostsViewController.swift */; };
		478DC9A428B3167300C3EC96 /* BaseWireframe.swift in Sources */ = {isa = PBXBuildFile; fileRef = 478DC9A328B3167300C3EC96 /* BaseWireframe.swift */; };
		478DC9A628B316E300C3EC96 /* ViewInterface.swift in Sources */ = {isa = PBXBuildFile; fileRef = 478DC9A528B316E300C3EC96 /* ViewInterface.swift */; };
		478DC9A828B3170A00C3EC96 /* PresenterInterface.swift in Sources */ = {isa = PBXBuildFile; fileRef = 478DC9A728B3170A00C3EC96 /* PresenterInterface.swift */; };
		478DC9AA28B3172200C3EC96 /* InteractorInterface.swift in Sources */ = {isa = PBXBuildFile; fileRef = 478DC9A928B3172200C3EC96 /* InteractorInterface.swift */; };
		478DC9AD28B31A8A00C3EC96 /* Constants.swift in Sources */ = {isa = PBXBuildFile; fileRef = 478DC9AC28B31A8A00C3EC96 /* Constants.swift */; };
		47D7452228B3204E00D7BFBD /* PostDetailInteractor.swift in Sources */ = {isa = PBXBuildFile; fileRef = 47D7452128B3204E00D7BFBD /* PostDetailInteractor.swift */; };
		47D7452428B3267F00D7BFBD /* PostDetailPresenter.swift in Sources */ = {isa = PBXBuildFile; fileRef = 47D7452328B3267F00D7BFBD /* PostDetailPresenter.swift */; };
		47D7452628B3268C00D7BFBD /* PostDetailInterfaces.swift in Sources */ = {isa = PBXBuildFile; fileRef = 47D7452528B3268C00D7BFBD /* PostDetailInterfaces.swift */; };
		47D7452828B326A600D7BFBD /* PostDetailWireframe.swift in Sources */ = {isa = PBXBuildFile; fileRef = 47D7452728B326A600D7BFBD /* PostDetailWireframe.swift */; };
		47D7452E28B3308C00D7BFBD /* Post.swift in Sources */ = {isa = PBXBuildFile; fileRef = 47D7452D28B3308C00D7BFBD /* Post.swift */; };
		47D7453028B3315800D7BFBD /* Comment.swift in Sources */ = {isa = PBXBuildFile; fileRef = 47D7452F28B3315800D7BFBD /* Comment.swift */; };
		47D7453228B332A200D7BFBD /* User.swift in Sources */ = {isa = PBXBuildFile; fileRef = 47D7453128B332A200D7BFBD /* User.swift */; };
		47E3EF5E28B2EAFC00E7BD09 /* AppDelegate.swift in Sources */ = {isa = PBXBuildFile; fileRef = 47E3EF5D28B2EAFC00E7BD09 /* AppDelegate.swift */; };
		47E3EF6028B2EAFC00E7BD09 /* SceneDelegate.swift in Sources */ = {isa = PBXBuildFile; fileRef = 47E3EF5F28B2EAFC00E7BD09 /* SceneDelegate.swift */; };
		47E3EF6728B2EAFE00E7BD09 /* Assets.xcassets in Resources */ = {isa = PBXBuildFile; fileRef = 47E3EF6628B2EAFE00E7BD09 /* Assets.xcassets */; };
		47E3EF6A28B2EAFE00E7BD09 /* LaunchScreen.storyboard in Resources */ = {isa = PBXBuildFile; fileRef = 47E3EF6828B2EAFE00E7BD09 /* LaunchScreen.storyboard */; };
		47E3EF7528B2EAFE00E7BD09 /* ZemogaTestTests.swift in Sources */ = {isa = PBXBuildFile; fileRef = 47E3EF7428B2EAFE00E7BD09 /* ZemogaTestTests.swift */; };
		47E3EF7F28B2EAFE00E7BD09 /* ZemogaTestUITests.swift in Sources */ = {isa = PBXBuildFile; fileRef = 47E3EF7E28B2EAFE00E7BD09 /* ZemogaTestUITests.swift */; };
		47E3EF8128B2EAFE00E7BD09 /* ZemogaTestUITestsLaunchTests.swift in Sources */ = {isa = PBXBuildFile; fileRef = 47E3EF8028B2EAFE00E7BD09 /* ZemogaTestUITestsLaunchTests.swift */; };
/* End PBXBuildFile section */

/* Begin PBXContainerItemProxy section */
		47E3EF7128B2EAFE00E7BD09 /* PBXContainerItemProxy */ = {
			isa = PBXContainerItemProxy;
			containerPortal = 47E3EF5228B2EAFC00E7BD09 /* Project object */;
			proxyType = 1;
			remoteGlobalIDString = 47E3EF5928B2EAFC00E7BD09;
			remoteInfo = ZemogaTest;
		};
		47E3EF7B28B2EAFE00E7BD09 /* PBXContainerItemProxy */ = {
			isa = PBXContainerItemProxy;
			containerPortal = 47E3EF5228B2EAFC00E7BD09 /* Project object */;
			proxyType = 1;
			remoteGlobalIDString = 47E3EF5928B2EAFC00E7BD09;
			remoteInfo = ZemogaTest;
		};
/* End PBXContainerItemProxy section */

/* Begin PBXFileReference section */
		474F10FE28B3DAF4005ADD60 /* PostTableViewCell.swift */ = {isa = PBXFileReference; lastKnownFileType = sourcecode.swift; path = PostTableViewCell.swift; sourceTree = "<group>"; };
		474F10FF28B3DAF4005ADD60 /* PostTableViewCell.xib */ = {isa = PBXFileReference; lastKnownFileType = file.xib; path = PostTableViewCell.xib; sourceTree = "<group>"; };
		474F110228B3E185005ADD60 /* PostDetailViewController.swift */ = {isa = PBXFileReference; lastKnownFileType = sourcecode.swift; path = PostDetailViewController.swift; sourceTree = "<group>"; };
		474F110328B3E185005ADD60 /* PostDetailViewController.xib */ = {isa = PBXFileReference; lastKnownFileType = file.xib; path = PostDetailViewController.xib; sourceTree = "<group>"; };
		478DC98F28B313C100C3EC96 /* APIManager.swift */ = {isa = PBXFileReference; lastKnownFileType = sourcecode.swift; path = APIManager.swift; sourceTree = "<group>"; };
		478DC99428B314A200C3EC96 /* EndPoint.swift */ = {isa = PBXFileReference; lastKnownFileType = sourcecode.swift; path = EndPoint.swift; sourceTree = "<group>"; };
		478DC99728B3154700C3EC96 /* PostsWireframe.swift */ = {isa = PBXFileReference; lastKnownFileType = sourcecode.swift; path = PostsWireframe.swift; sourceTree = "<group>"; };
		478DC99928B3155A00C3EC96 /* PostsInterfaces.swift */ = {isa = PBXFileReference; lastKnownFileType = sourcecode.swift; path = PostsInterfaces.swift; sourceTree = "<group>"; };
		478DC99B28B3157D00C3EC96 /* PostsInteractor.swift */ = {isa = PBXFileReference; lastKnownFileType = sourcecode.swift; path = PostsInteractor.swift; sourceTree = "<group>"; };
		478DC99D28B3158700C3EC96 /* PostsPresenter.swift */ = {isa = PBXFileReference; lastKnownFileType = sourcecode.swift; path = PostsPresenter.swift; sourceTree = "<group>"; };
		478DC9A028B315BA00C3EC96 /* PostsViewController.swift */ = {isa = PBXFileReference; lastKnownFileType = sourcecode.swift; path = PostsViewController.swift; sourceTree = "<group>"; };
		478DC9A328B3167300C3EC96 /* BaseWireframe.swift */ = {isa = PBXFileReference; lastKnownFileType = sourcecode.swift; path = BaseWireframe.swift; sourceTree = "<group>"; };
		478DC9A528B316E300C3EC96 /* ViewInterface.swift */ = {isa = PBXFileReference; lastKnownFileType = sourcecode.swift; path = ViewInterface.swift; sourceTree = "<group>"; };
		478DC9A728B3170A00C3EC96 /* PresenterInterface.swift */ = {isa = PBXFileReference; lastKnownFileType = sourcecode.swift; path = PresenterInterface.swift; sourceTree = "<group>"; };
		478DC9A928B3172200C3EC96 /* InteractorInterface.swift */ = {isa = PBXFileReference; lastKnownFileType = sourcecode.swift; path = InteractorInterface.swift; sourceTree = "<group>"; };
		478DC9AC28B31A8A00C3EC96 /* Constants.swift */ = {isa = PBXFileReference; lastKnownFileType = sourcecode.swift; path = Constants.swift; sourceTree = "<group>"; };
		47D7452128B3204E00D7BFBD /* PostDetailInteractor.swift */ = {isa = PBXFileReference; lastKnownFileType = sourcecode.swift; path = PostDetailInteractor.swift; sourceTree = "<group>"; };
		47D7452328B3267F00D7BFBD /* PostDetailPresenter.swift */ = {isa = PBXFileReference; lastKnownFileType = sourcecode.swift; path = PostDetailPresenter.swift; sourceTree = "<group>"; };
		47D7452528B3268C00D7BFBD /* PostDetailInterfaces.swift */ = {isa = PBXFileReference; lastKnownFileType = sourcecode.swift; path = PostDetailInterfaces.swift; sourceTree = "<group>"; };
		47D7452728B326A600D7BFBD /* PostDetailWireframe.swift */ = {isa = PBXFileReference; lastKnownFileType = sourcecode.swift; path = PostDetailWireframe.swift; sourceTree = "<group>"; };
		47D7452D28B3308C00D7BFBD /* Post.swift */ = {isa = PBXFileReference; lastKnownFileType = sourcecode.swift; path = Post.swift; sourceTree = "<group>"; };
		47D7452F28B3315800D7BFBD /* Comment.swift */ = {isa = PBXFileReference; lastKnownFileType = sourcecode.swift; path = Comment.swift; sourceTree = "<group>"; };
		47D7453128B332A200D7BFBD /* User.swift */ = {isa = PBXFileReference; lastKnownFileType = sourcecode.swift; path = User.swift; sourceTree = "<group>"; };
		47E3EF5A28B2EAFC00E7BD09 /* ZemogaTest.app */ = {isa = PBXFileReference; explicitFileType = wrapper.application; includeInIndex = 0; path = ZemogaTest.app; sourceTree = BUILT_PRODUCTS_DIR; };
		47E3EF5D28B2EAFC00E7BD09 /* AppDelegate.swift */ = {isa = PBXFileReference; lastKnownFileType = sourcecode.swift; path = AppDelegate.swift; sourceTree = "<group>"; };
		47E3EF5F28B2EAFC00E7BD09 /* SceneDelegate.swift */ = {isa = PBXFileReference; lastKnownFileType = sourcecode.swift; path = SceneDelegate.swift; sourceTree = "<group>"; };
		47E3EF6628B2EAFE00E7BD09 /* Assets.xcassets */ = {isa = PBXFileReference; lastKnownFileType = folder.assetcatalog; path = Assets.xcassets; sourceTree = "<group>"; };
		47E3EF6928B2EAFE00E7BD09 /* Base */ = {isa = PBXFileReference; lastKnownFileType = file.storyboard; name = Base; path = Base.lproj/LaunchScreen.storyboard; sourceTree = "<group>"; };
		47E3EF6B28B2EAFE00E7BD09 /* Info.plist */ = {isa = PBXFileReference; lastKnownFileType = text.plist.xml; path = Info.plist; sourceTree = "<group>"; };
		47E3EF7028B2EAFE00E7BD09 /* ZemogaTestTests.xctest */ = {isa = PBXFileReference; explicitFileType = wrapper.cfbundle; includeInIndex = 0; path = ZemogaTestTests.xctest; sourceTree = BUILT_PRODUCTS_DIR; };
		47E3EF7428B2EAFE00E7BD09 /* ZemogaTestTests.swift */ = {isa = PBXFileReference; lastKnownFileType = sourcecode.swift; path = ZemogaTestTests.swift; sourceTree = "<group>"; };
		47E3EF7A28B2EAFE00E7BD09 /* ZemogaTestUITests.xctest */ = {isa = PBXFileReference; explicitFileType = wrapper.cfbundle; includeInIndex = 0; path = ZemogaTestUITests.xctest; sourceTree = BUILT_PRODUCTS_DIR; };
		47E3EF7E28B2EAFE00E7BD09 /* ZemogaTestUITests.swift */ = {isa = PBXFileReference; lastKnownFileType = sourcecode.swift; path = ZemogaTestUITests.swift; sourceTree = "<group>"; };
		47E3EF8028B2EAFE00E7BD09 /* ZemogaTestUITestsLaunchTests.swift */ = {isa = PBXFileReference; lastKnownFileType = sourcecode.swift; path = ZemogaTestUITestsLaunchTests.swift; sourceTree = "<group>"; };
/* End PBXFileReference section */

/* Begin PBXFrameworksBuildPhase section */
		47E3EF5728B2EAFC00E7BD09 /* Frameworks */ = {
			isa = PBXFrameworksBuildPhase;
			buildActionMask = 2147483647;
			files = (
				478DC99328B3144900C3EC96 /* Alamofire in Frameworks */,
			);
			runOnlyForDeploymentPostprocessing = 0;
		};
		47E3EF6D28B2EAFE00E7BD09 /* Frameworks */ = {
			isa = PBXFrameworksBuildPhase;
			buildActionMask = 2147483647;
			files = (
			);
			runOnlyForDeploymentPostprocessing = 0;
		};
		47E3EF7728B2EAFE00E7BD09 /* Frameworks */ = {
			isa = PBXFrameworksBuildPhase;
			buildActionMask = 2147483647;
			files = (
			);
			runOnlyForDeploymentPostprocessing = 0;
		};
/* End PBXFrameworksBuildPhase section */

/* Begin PBXGroup section */
		474F10FD28B3DAD0005ADD60 /* Cell */ = {
			isa = PBXGroup;
			children = (
				474F10FE28B3DAF4005ADD60 /* PostTableViewCell.swift */,
				474F10FF28B3DAF4005ADD60 /* PostTableViewCell.xib */,
			);
			path = Cell;
			sourceTree = "<group>";
		};
		478DC98D28B3138600C3EC96 /* Utils */ = {
			isa = PBXGroup;
			children = (
				47D7452C28B3307900D7BFBD /* Models */,
				478DC9A228B3164F00C3EC96 /* Base */,
				478DC9AB28B31A3600C3EC96 /* Constants */,
				478DC98E28B3139B00C3EC96 /* Network */,
			);
			path = Utils;
			sourceTree = "<group>";
		};
		478DC98E28B3139B00C3EC96 /* Network */ = {
			isa = PBXGroup;
			children = (
				478DC98F28B313C100C3EC96 /* APIManager.swift */,
				478DC99428B314A200C3EC96 /* EndPoint.swift */,
			);
			path = Network;
			sourceTree = "<group>";
		};
		478DC99628B3151900C3EC96 /* Posts */ = {
			isa = PBXGroup;
			children = (
				478DC99B28B3157D00C3EC96 /* PostsInteractor.swift */,
				478DC99928B3155A00C3EC96 /* PostsInterfaces.swift */,
				478DC99D28B3158700C3EC96 /* PostsPresenter.swift */,
				478DC99728B3154700C3EC96 /* PostsWireframe.swift */,
				478DC99F28B3158D00C3EC96 /* View */,
			);
			path = Posts;
			sourceTree = "<group>";
		};
		478DC99F28B3158D00C3EC96 /* View */ = {
			isa = PBXGroup;
			children = (
				474F10FD28B3DAD0005ADD60 /* Cell */,
				478DC9A028B315BA00C3EC96 /* PostsViewController.swift */,
			);
			path = View;
			sourceTree = "<group>";
		};
		478DC9A228B3164F00C3EC96 /* Base */ = {
			isa = PBXGroup;
			children = (
				478DC9A328B3167300C3EC96 /* BaseWireframe.swift */,
				478DC9A928B3172200C3EC96 /* InteractorInterface.swift */,
				478DC9A728B3170A00C3EC96 /* PresenterInterface.swift */,
				478DC9A528B316E300C3EC96 /* ViewInterface.swift */,
			);
			path = Base;
			sourceTree = "<group>";
		};
		478DC9AB28B31A3600C3EC96 /* Constants */ = {
			isa = PBXGroup;
			children = (
				478DC9AC28B31A8A00C3EC96 /* Constants.swift */,
			);
			path = Constants;
			sourceTree = "<group>";
		};
		47D7452028B3201000D7BFBD /* PostDetail */ = {
			isa = PBXGroup;
			children = (
				47D7452128B3204E00D7BFBD /* PostDetailInteractor.swift */,
				47D7452528B3268C00D7BFBD /* PostDetailInterfaces.swift */,
				47D7452328B3267F00D7BFBD /* PostDetailPresenter.swift */,
				47D7452728B326A600D7BFBD /* PostDetailWireframe.swift */,
				47D7452928B326AF00D7BFBD /* View */,
			);
			path = PostDetail;
			sourceTree = "<group>";
		};
		47D7452928B326AF00D7BFBD /* View */ = {
			isa = PBXGroup;
			children = (
				474F110228B3E185005ADD60 /* PostDetailViewController.swift */,
				474F110328B3E185005ADD60 /* PostDetailViewController.xib */,
			);
			path = View;
			sourceTree = "<group>";
		};
		47D7452C28B3307900D7BFBD /* Models */ = {
			isa = PBXGroup;
			children = (
				47D7452F28B3315800D7BFBD /* Comment.swift */,
				47D7452D28B3308C00D7BFBD /* Post.swift */,
				47D7453128B332A200D7BFBD /* User.swift */,
			);
			path = Models;
			sourceTree = "<group>";
		};
		47E3EF5128B2EAFC00E7BD09 = {
			isa = PBXGroup;
			children = (
				47E3EF5C28B2EAFC00E7BD09 /* ZemogaTest */,
				47E3EF7328B2EAFE00E7BD09 /* ZemogaTestTests */,
				47E3EF7D28B2EAFE00E7BD09 /* ZemogaTestUITests */,
				47E3EF5B28B2EAFC00E7BD09 /* Products */,
			);
			sourceTree = "<group>";
		};
		47E3EF5B28B2EAFC00E7BD09 /* Products */ = {
			isa = PBXGroup;
			children = (
				47E3EF5A28B2EAFC00E7BD09 /* ZemogaTest.app */,
				47E3EF7028B2EAFE00E7BD09 /* ZemogaTestTests.xctest */,
				47E3EF7A28B2EAFE00E7BD09 /* ZemogaTestUITests.xctest */,
			);
			name = Products;
			sourceTree = "<group>";
		};
		47E3EF5C28B2EAFC00E7BD09 /* ZemogaTest */ = {
			isa = PBXGroup;
			children = (
				47E3EF5D28B2EAFC00E7BD09 /* AppDelegate.swift */,
				47E3EF5F28B2EAFC00E7BD09 /* SceneDelegate.swift */,
				47E3EF6628B2EAFE00E7BD09 /* Assets.xcassets */,
				47E3EF6828B2EAFE00E7BD09 /* LaunchScreen.storyboard */,
				47E3EF6B28B2EAFE00E7BD09 /* Info.plist */,
				478DC98D28B3138600C3EC96 /* Utils */,
				47E3EF8D28B2EEFE00E7BD09 /* Modules */,
			);
			path = ZemogaTest;
			sourceTree = "<group>";
		};
		47E3EF7328B2EAFE00E7BD09 /* ZemogaTestTests */ = {
			isa = PBXGroup;
			children = (
				47E3EF7428B2EAFE00E7BD09 /* ZemogaTestTests.swift */,
			);
			path = ZemogaTestTests;
			sourceTree = "<group>";
		};
		47E3EF7D28B2EAFE00E7BD09 /* ZemogaTestUITests */ = {
			isa = PBXGroup;
			children = (
				47E3EF7E28B2EAFE00E7BD09 /* ZemogaTestUITests.swift */,
				47E3EF8028B2EAFE00E7BD09 /* ZemogaTestUITestsLaunchTests.swift */,
			);
			path = ZemogaTestUITests;
			sourceTree = "<group>";
		};
		47E3EF8D28B2EEFE00E7BD09 /* Modules */ = {
			isa = PBXGroup;
			children = (
				47D7452028B3201000D7BFBD /* PostDetail */,
				478DC99628B3151900C3EC96 /* Posts */,
			);
			path = Modules;
			sourceTree = "<group>";
		};
/* End PBXGroup section */

/* Begin PBXNativeTarget section */
		47E3EF5928B2EAFC00E7BD09 /* ZemogaTest */ = {
			isa = PBXNativeTarget;
			buildConfigurationList = 47E3EF8428B2EAFE00E7BD09 /* Build configuration list for PBXNativeTarget "ZemogaTest" */;
			buildPhases = (
				47E3EF5628B2EAFC00E7BD09 /* Sources */,
				47E3EF5728B2EAFC00E7BD09 /* Frameworks */,
				47E3EF5828B2EAFC00E7BD09 /* Resources */,
			);
			buildRules = (
			);
			dependencies = (
			);
			name = ZemogaTest;
			packageProductDependencies = (
				478DC99228B3144900C3EC96 /* Alamofire */,
			);
			productName = ZemogaTest;
			productReference = 47E3EF5A28B2EAFC00E7BD09 /* ZemogaTest.app */;
			productType = "com.apple.product-type.application";
		};
		47E3EF6F28B2EAFE00E7BD09 /* ZemogaTestTests */ = {
			isa = PBXNativeTarget;
			buildConfigurationList = 47E3EF8728B2EAFE00E7BD09 /* Build configuration list for PBXNativeTarget "ZemogaTestTests" */;
			buildPhases = (
				47E3EF6C28B2EAFE00E7BD09 /* Sources */,
				47E3EF6D28B2EAFE00E7BD09 /* Frameworks */,
				47E3EF6E28B2EAFE00E7BD09 /* Resources */,
			);
			buildRules = (
			);
			dependencies = (
				47E3EF7228B2EAFE00E7BD09 /* PBXTargetDependency */,
			);
			name = ZemogaTestTests;
			productName = ZemogaTestTests;
			productReference = 47E3EF7028B2EAFE00E7BD09 /* ZemogaTestTests.xctest */;
			productType = "com.apple.product-type.bundle.unit-test";
		};
		47E3EF7928B2EAFE00E7BD09 /* ZemogaTestUITests */ = {
			isa = PBXNativeTarget;
			buildConfigurationList = 47E3EF8A28B2EAFE00E7BD09 /* Build configuration list for PBXNativeTarget "ZemogaTestUITests" */;
			buildPhases = (
				47E3EF7628B2EAFE00E7BD09 /* Sources */,
				47E3EF7728B2EAFE00E7BD09 /* Frameworks */,
				47E3EF7828B2EAFE00E7BD09 /* Resources */,
			);
			buildRules = (
			);
			dependencies = (
				47E3EF7C28B2EAFE00E7BD09 /* PBXTargetDependency */,
			);
			name = ZemogaTestUITests;
			productName = ZemogaTestUITests;
			productReference = 47E3EF7A28B2EAFE00E7BD09 /* ZemogaTestUITests.xctest */;
			productType = "com.apple.product-type.bundle.ui-testing";
		};
/* End PBXNativeTarget section */

/* Begin PBXProject section */
		47E3EF5228B2EAFC00E7BD09 /* Project object */ = {
			isa = PBXProject;
			attributes = {
				BuildIndependentTargetsInParallel = 1;
				LastSwiftUpdateCheck = 1340;
				LastUpgradeCheck = 1340;
				TargetAttributes = {
					47E3EF5928B2EAFC00E7BD09 = {
						CreatedOnToolsVersion = 13.4.1;
					};
					47E3EF6F28B2EAFE00E7BD09 = {
						CreatedOnToolsVersion = 13.4.1;
						TestTargetID = 47E3EF5928B2EAFC00E7BD09;
					};
					47E3EF7928B2EAFE00E7BD09 = {
						CreatedOnToolsVersion = 13.4.1;
						TestTargetID = 47E3EF5928B2EAFC00E7BD09;
					};
				};
			};
			buildConfigurationList = 47E3EF5528B2EAFC00E7BD09 /* Build configuration list for PBXProject "ZemogaTest" */;
			compatibilityVersion = "Xcode 13.0";
			developmentRegion = en;
			hasScannedForEncodings = 0;
			knownRegions = (
				en,
				Base,
			);
			mainGroup = 47E3EF5128B2EAFC00E7BD09;
			packageReferences = (
				478DC99128B3144900C3EC96 /* XCRemoteSwiftPackageReference "Alamofire" */,
			);
			productRefGroup = 47E3EF5B28B2EAFC00E7BD09 /* Products */;
			projectDirPath = "";
			projectRoot = "";
			targets = (
				47E3EF5928B2EAFC00E7BD09 /* ZemogaTest */,
				47E3EF6F28B2EAFE00E7BD09 /* ZemogaTestTests */,
				47E3EF7928B2EAFE00E7BD09 /* ZemogaTestUITests */,
			);
		};
/* End PBXProject section */

/* Begin PBXResourcesBuildPhase section */
		47E3EF5828B2EAFC00E7BD09 /* Resources */ = {
			isa = PBXResourcesBuildPhase;
			buildActionMask = 2147483647;
			files = (
				474F110128B3DAF4005ADD60 /* PostTableViewCell.xib in Resources */,
				474F110528B3E185005ADD60 /* PostDetailViewController.xib in Resources */,
				47E3EF6A28B2EAFE00E7BD09 /* LaunchScreen.storyboard in Resources */,
				47E3EF6728B2EAFE00E7BD09 /* Assets.xcassets in Resources */,
			);
			runOnlyForDeploymentPostprocessing = 0;
		};
		47E3EF6E28B2EAFE00E7BD09 /* Resources */ = {
			isa = PBXResourcesBuildPhase;
			buildActionMask = 2147483647;
			files = (
			);
			runOnlyForDeploymentPostprocessing = 0;
		};
		47E3EF7828B2EAFE00E7BD09 /* Resources */ = {
			isa = PBXResourcesBuildPhase;
			buildActionMask = 2147483647;
			files = (
			);
			runOnlyForDeploymentPostprocessing = 0;
		};
/* End PBXResourcesBuildPhase section */

/* Begin PBXSourcesBuildPhase section */
		47E3EF5628B2EAFC00E7BD09 /* Sources */ = {
			isa = PBXSourcesBuildPhase;
			buildActionMask = 2147483647;
			files = (
				478DC99828B3154700C3EC96 /* PostsWireframe.swift in Sources */,
				47D7452828B326A600D7BFBD /* PostDetailWireframe.swift in Sources */,
				474F110428B3E185005ADD60 /* PostDetailViewController.swift in Sources */,
				478DC9A428B3167300C3EC96 /* BaseWireframe.swift in Sources */,
				478DC99028B313C100C3EC96 /* APIManager.swift in Sources */,
				478DC99528B314A200C3EC96 /* EndPoint.swift in Sources */,
				478DC9A128B315BA00C3EC96 /* PostsViewController.swift in Sources */,
				47D7452428B3267F00D7BFBD /* PostDetailPresenter.swift in Sources */,
				478DC99C28B3157D00C3EC96 /* PostsInteractor.swift in Sources */,
				478DC99A28B3155A00C3EC96 /* PostsInterfaces.swift in Sources */,
				47D7453228B332A200D7BFBD /* User.swift in Sources */,
				47D7453028B3315800D7BFBD /* Comment.swift in Sources */,
				47E3EF5E28B2EAFC00E7BD09 /* AppDelegate.swift in Sources */,
				478DC9A828B3170A00C3EC96 /* PresenterInterface.swift in Sources */,
				474F110028B3DAF4005ADD60 /* PostTableViewCell.swift in Sources */,
				47D7452228B3204E00D7BFBD /* PostDetailInteractor.swift in Sources */,
				478DC99E28B3158700C3EC96 /* PostsPresenter.swift in Sources */,
				47E3EF6028B2EAFC00E7BD09 /* SceneDelegate.swift in Sources */,
				47D7452628B3268C00D7BFBD /* PostDetailInterfaces.swift in Sources */,
				478DC9AD28B31A8A00C3EC96 /* Constants.swift in Sources */,
				478DC9AA28B3172200C3EC96 /* InteractorInterface.swift in Sources */,
				478DC9A628B316E300C3EC96 /* ViewInterface.swift in Sources */,
				47D7452E28B3308C00D7BFBD /* Post.swift in Sources */,
			);
			runOnlyForDeploymentPostprocessing = 0;
		};
		47E3EF6C28B2EAFE00E7BD09 /* Sources */ = {
			isa = PBXSourcesBuildPhase;
			buildActionMask = 2147483647;
			files = (
				47E3EF7528B2EAFE00E7BD09 /* ZemogaTestTests.swift in Sources */,
			);
			runOnlyForDeploymentPostprocessing = 0;
		};
		47E3EF7628B2EAFE00E7BD09 /* Sources */ = {
			isa = PBXSourcesBuildPhase;
			buildActionMask = 2147483647;
			files = (
				47E3EF7F28B2EAFE00E7BD09 /* ZemogaTestUITests.swift in Sources */,
				47E3EF8128B2EAFE00E7BD09 /* ZemogaTestUITestsLaunchTests.swift in Sources */,
			);
			runOnlyForDeploymentPostprocessing = 0;
		};
/* End PBXSourcesBuildPhase section */

/* Begin PBXTargetDependency section */
		47E3EF7228B2EAFE00E7BD09 /* PBXTargetDependency */ = {
			isa = PBXTargetDependency;
			target = 47E3EF5928B2EAFC00E7BD09 /* ZemogaTest */;
			targetProxy = 47E3EF7128B2EAFE00E7BD09 /* PBXContainerItemProxy */;
		};
		47E3EF7C28B2EAFE00E7BD09 /* PBXTargetDependency */ = {
			isa = PBXTargetDependency;
			target = 47E3EF5928B2EAFC00E7BD09 /* ZemogaTest */;
			targetProxy = 47E3EF7B28B2EAFE00E7BD09 /* PBXContainerItemProxy */;
		};
/* End PBXTargetDependency section */

/* Begin PBXVariantGroup section */
		47E3EF6828B2EAFE00E7BD09 /* LaunchScreen.storyboard */ = {
			isa = PBXVariantGroup;
			children = (
				47E3EF6928B2EAFE00E7BD09 /* Base */,
			);
			name = LaunchScreen.storyboard;
			sourceTree = "<group>";
		};
/* End PBXVariantGroup section */

/* Begin XCBuildConfiguration section */
		47E3EF8228B2EAFE00E7BD09 /* Debug */ = {
			isa = XCBuildConfiguration;
			buildSettings = {
				ALWAYS_SEARCH_USER_PATHS = NO;
				CLANG_ANALYZER_NONNULL = YES;
				CLANG_ANALYZER_NUMBER_OBJECT_CONVERSION = YES_AGGRESSIVE;
				CLANG_CXX_LANGUAGE_STANDARD = "gnu++17";
				CLANG_ENABLE_MODULES = YES;
				CLANG_ENABLE_OBJC_ARC = YES;
				CLANG_ENABLE_OBJC_WEAK = YES;
				CLANG_WARN_BLOCK_CAPTURE_AUTORELEASING = YES;
				CLANG_WARN_BOOL_CONVERSION = YES;
				CLANG_WARN_COMMA = YES;
				CLANG_WARN_CONSTANT_CONVERSION = YES;
				CLANG_WARN_DEPRECATED_OBJC_IMPLEMENTATIONS = YES;
				CLANG_WARN_DIRECT_OBJC_ISA_USAGE = YES_ERROR;
				CLANG_WARN_DOCUMENTATION_COMMENTS = YES;
				CLANG_WARN_EMPTY_BODY = YES;
				CLANG_WARN_ENUM_CONVERSION = YES;
				CLANG_WARN_INFINITE_RECURSION = YES;
				CLANG_WARN_INT_CONVERSION = YES;
				CLANG_WARN_NON_LITERAL_NULL_CONVERSION = YES;
				CLANG_WARN_OBJC_IMPLICIT_RETAIN_SELF = YES;
				CLANG_WARN_OBJC_LITERAL_CONVERSION = YES;
				CLANG_WARN_OBJC_ROOT_CLASS = YES_ERROR;
				CLANG_WARN_QUOTED_INCLUDE_IN_FRAMEWORK_HEADER = YES;
				CLANG_WARN_RANGE_LOOP_ANALYSIS = YES;
				CLANG_WARN_STRICT_PROTOTYPES = YES;
				CLANG_WARN_SUSPICIOUS_MOVE = YES;
				CLANG_WARN_UNGUARDED_AVAILABILITY = YES_AGGRESSIVE;
				CLANG_WARN_UNREACHABLE_CODE = YES;
				CLANG_WARN__DUPLICATE_METHOD_MATCH = YES;
				COPY_PHASE_STRIP = NO;
				DEBUG_INFORMATION_FORMAT = dwarf;
				ENABLE_STRICT_OBJC_MSGSEND = YES;
				ENABLE_TESTABILITY = YES;
				GCC_C_LANGUAGE_STANDARD = gnu11;
				GCC_DYNAMIC_NO_PIC = NO;
				GCC_NO_COMMON_BLOCKS = YES;
				GCC_OPTIMIZATION_LEVEL = 0;
				GCC_PREPROCESSOR_DEFINITIONS = (
					"DEBUG=1",
					"$(inherited)",
				);
				GCC_WARN_64_TO_32_BIT_CONVERSION = YES;
				GCC_WARN_ABOUT_RETURN_TYPE = YES_ERROR;
				GCC_WARN_UNDECLARED_SELECTOR = YES;
				GCC_WARN_UNINITIALIZED_AUTOS = YES_AGGRESSIVE;
				GCC_WARN_UNUSED_FUNCTION = YES;
				GCC_WARN_UNUSED_VARIABLE = YES;
				IPHONEOS_DEPLOYMENT_TARGET = 15.5;
				MTL_ENABLE_DEBUG_INFO = INCLUDE_SOURCE;
				MTL_FAST_MATH = YES;
				ONLY_ACTIVE_ARCH = YES;
				SDKROOT = iphoneos;
				SWIFT_ACTIVE_COMPILATION_CONDITIONS = DEBUG;
				SWIFT_OPTIMIZATION_LEVEL = "-Onone";
			};
			name = Debug;
		};
		47E3EF8328B2EAFE00E7BD09 /* Release */ = {
			isa = XCBuildConfiguration;
			buildSettings = {
				ALWAYS_SEARCH_USER_PATHS = NO;
				CLANG_ANALYZER_NONNULL = YES;
				CLANG_ANALYZER_NUMBER_OBJECT_CONVERSION = YES_AGGRESSIVE;
				CLANG_CXX_LANGUAGE_STANDARD = "gnu++17";
				CLANG_ENABLE_MODULES = YES;
				CLANG_ENABLE_OBJC_ARC = YES;
				CLANG_ENABLE_OBJC_WEAK = YES;
				CLANG_WARN_BLOCK_CAPTURE_AUTORELEASING = YES;
				CLANG_WARN_BOOL_CONVERSION = YES;
				CLANG_WARN_COMMA = YES;
				CLANG_WARN_CONSTANT_CONVERSION = YES;
				CLANG_WARN_DEPRECATED_OBJC_IMPLEMENTATIONS = YES;
				CLANG_WARN_DIRECT_OBJC_ISA_USAGE = YES_ERROR;
				CLANG_WARN_DOCUMENTATION_COMMENTS = YES;
				CLANG_WARN_EMPTY_BODY = YES;
				CLANG_WARN_ENUM_CONVERSION = YES;
				CLANG_WARN_INFINITE_RECURSION = YES;
				CLANG_WARN_INT_CONVERSION = YES;
				CLANG_WARN_NON_LITERAL_NULL_CONVERSION = YES;
				CLANG_WARN_OBJC_IMPLICIT_RETAIN_SELF = YES;
				CLANG_WARN_OBJC_LITERAL_CONVERSION = YES;
				CLANG_WARN_OBJC_ROOT_CLASS = YES_ERROR;
				CLANG_WARN_QUOTED_INCLUDE_IN_FRAMEWORK_HEADER = YES;
				CLANG_WARN_RANGE_LOOP_ANALYSIS = YES;
				CLANG_WARN_STRICT_PROTOTYPES = YES;
				CLANG_WARN_SUSPICIOUS_MOVE = YES;
				CLANG_WARN_UNGUARDED_AVAILABILITY = YES_AGGRESSIVE;
				CLANG_WARN_UNREACHABLE_CODE = YES;
				CLANG_WARN__DUPLICATE_METHOD_MATCH = YES;
				COPY_PHASE_STRIP = NO;
				DEBUG_INFORMATION_FORMAT = "dwarf-with-dsym";
				ENABLE_NS_ASSERTIONS = NO;
				ENABLE_STRICT_OBJC_MSGSEND = YES;
				GCC_C_LANGUAGE_STANDARD = gnu11;
				GCC_NO_COMMON_BLOCKS = YES;
				GCC_WARN_64_TO_32_BIT_CONVERSION = YES;
				GCC_WARN_ABOUT_RETURN_TYPE = YES_ERROR;
				GCC_WARN_UNDECLARED_SELECTOR = YES;
				GCC_WARN_UNINITIALIZED_AUTOS = YES_AGGRESSIVE;
				GCC_WARN_UNUSED_FUNCTION = YES;
				GCC_WARN_UNUSED_VARIABLE = YES;
				IPHONEOS_DEPLOYMENT_TARGET = 15.5;
				MTL_ENABLE_DEBUG_INFO = NO;
				MTL_FAST_MATH = YES;
				SDKROOT = iphoneos;
				SWIFT_COMPILATION_MODE = wholemodule;
				SWIFT_OPTIMIZATION_LEVEL = "-O";
				VALIDATE_PRODUCT = YES;
			};
			name = Release;
		};
		47E3EF8528B2EAFE00E7BD09 /* Debug */ = {
			isa = XCBuildConfiguration;
			buildSettings = {
				ASSETCATALOG_COMPILER_APPICON_NAME = AppIcon;
				ASSETCATALOG_COMPILER_GLOBAL_ACCENT_COLOR_NAME = AccentColor;
				CODE_SIGN_STYLE = Automatic;
				CURRENT_PROJECT_VERSION = 1;
				DEVELOPMENT_TEAM = 78AHQ4893X;
				GENERATE_INFOPLIST_FILE = YES;
				INFOPLIST_FILE = ZemogaTest/Info.plist;
				INFOPLIST_KEY_UIApplicationSupportsIndirectInputEvents = YES;
				INFOPLIST_KEY_UILaunchStoryboardName = LaunchScreen;
				INFOPLIST_KEY_UISupportedInterfaceOrientations_iPad = "UIInterfaceOrientationPortrait UIInterfaceOrientationPortraitUpsideDown UIInterfaceOrientationLandscapeLeft UIInterfaceOrientationLandscapeRight";
				INFOPLIST_KEY_UISupportedInterfaceOrientations_iPhone = "UIInterfaceOrientationPortrait UIInterfaceOrientationLandscapeLeft UIInterfaceOrientationLandscapeRight";
				IPHONEOS_DEPLOYMENT_TARGET = 13.6;
				LD_RUNPATH_SEARCH_PATHS = (
					"$(inherited)",
					"@executable_path/Frameworks",
				);
				MARKETING_VERSION = 1.0;
				PRODUCT_BUNDLE_IDENTIFIER = com.jmonsalve.ZemogaTest;
				PRODUCT_NAME = "$(TARGET_NAME)";
				SWIFT_EMIT_LOC_STRINGS = YES;
				SWIFT_VERSION = 5.0;
				TARGETED_DEVICE_FAMILY = 1;
			};
			name = Debug;
		};
		47E3EF8628B2EAFE00E7BD09 /* Release */ = {
			isa = XCBuildConfiguration;
			buildSettings = {
				ASSETCATALOG_COMPILER_APPICON_NAME = AppIcon;
				ASSETCATALOG_COMPILER_GLOBAL_ACCENT_COLOR_NAME = AccentColor;
				CODE_SIGN_STYLE = Automatic;
				CURRENT_PROJECT_VERSION = 1;
				DEVELOPMENT_TEAM = 78AHQ4893X;
				GENERATE_INFOPLIST_FILE = YES;
				INFOPLIST_FILE = ZemogaTest/Info.plist;
				INFOPLIST_KEY_UIApplicationSupportsIndirectInputEvents = YES;
				INFOPLIST_KEY_UILaunchStoryboardName = LaunchScreen;
				INFOPLIST_KEY_UISupportedInterfaceOrientations_iPad = "UIInterfaceOrientationPortrait UIInterfaceOrientationPortraitUpsideDown UIInterfaceOrientationLandscapeLeft UIInterfaceOrientationLandscapeRight";
				INFOPLIST_KEY_UISupportedInterfaceOrientations_iPhone = "UIInterfaceOrientationPortrait UIInterfaceOrientationLandscapeLeft UIInterfaceOrientationLandscapeRight";
				IPHONEOS_DEPLOYMENT_TARGET = 13.6;
				LD_RUNPATH_SEARCH_PATHS = (
					"$(inherited)",
					"@executable_path/Frameworks",
				);
				MARKETING_VERSION = 1.0;
				PRODUCT_BUNDLE_IDENTIFIER = com.jmonsalve.ZemogaTest;
				PRODUCT_NAME = "$(TARGET_NAME)";
				SWIFT_EMIT_LOC_STRINGS = YES;
				SWIFT_VERSION = 5.0;
				TARGETED_DEVICE_FAMILY = 1;
			};
			name = Release;
		};
		47E3EF8828B2EAFE00E7BD09 /* Debug */ = {
			isa = XCBuildConfiguration;
			buildSettings = {
				ALWAYS_EMBED_SWIFT_STANDARD_LIBRARIES = YES;
				BUNDLE_LOADER = "$(TEST_HOST)";
				CODE_SIGN_STYLE = Automatic;
				CURRENT_PROJECT_VERSION = 1;
				DEVELOPMENT_TEAM = 78AHQ4893X;
				GENERATE_INFOPLIST_FILE = YES;
				IPHONEOS_DEPLOYMENT_TARGET = 15.5;
				MARKETING_VERSION = 1.0;
				PRODUCT_BUNDLE_IDENTIFIER = com.jmonsalve.ZemogaTestTests;
				PRODUCT_NAME = "$(TARGET_NAME)";
				SWIFT_EMIT_LOC_STRINGS = NO;
				SWIFT_VERSION = 5.0;
				TARGETED_DEVICE_FAMILY = "1,2";
				TEST_HOST = "$(BUILT_PRODUCTS_DIR)/ZemogaTest.app/ZemogaTest";
			};
			name = Debug;
		};
		47E3EF8928B2EAFE00E7BD09 /* Release */ = {
			isa = XCBuildConfiguration;
			buildSettings = {
				ALWAYS_EMBED_SWIFT_STANDARD_LIBRARIES = YES;
				BUNDLE_LOADER = "$(TEST_HOST)";
				CODE_SIGN_STYLE = Automatic;
				CURRENT_PROJECT_VERSION = 1;
				DEVELOPMENT_TEAM = 78AHQ4893X;
				GENERATE_INFOPLIST_FILE = YES;
				IPHONEOS_DEPLOYMENT_TARGET = 15.5;
				MARKETING_VERSION = 1.0;
				PRODUCT_BUNDLE_IDENTIFIER = com.jmonsalve.ZemogaTestTests;
				PRODUCT_NAME = "$(TARGET_NAME)";
				SWIFT_EMIT_LOC_STRINGS = NO;
				SWIFT_VERSION = 5.0;
				TARGETED_DEVICE_FAMILY = "1,2";
				TEST_HOST = "$(BUILT_PRODUCTS_DIR)/ZemogaTest.app/ZemogaTest";
			};
			name = Release;
		};
		47E3EF8B28B2EAFE00E7BD09 /* Debug */ = {
			isa = XCBuildConfiguration;
			buildSettings = {
				ALWAYS_EMBED_SWIFT_STANDARD_LIBRARIES = YES;
				CODE_SIGN_STYLE = Automatic;
				CURRENT_PROJECT_VERSION = 1;
				DEVELOPMENT_TEAM = 78AHQ4893X;
				GENERATE_INFOPLIST_FILE = YES;
				MARKETING_VERSION = 1.0;
				PRODUCT_BUNDLE_IDENTIFIER = com.jmonsalve.ZemogaTestUITests;
				PRODUCT_NAME = "$(TARGET_NAME)";
				SWIFT_EMIT_LOC_STRINGS = NO;
				SWIFT_VERSION = 5.0;
				TARGETED_DEVICE_FAMILY = "1,2";
				TEST_TARGET_NAME = ZemogaTest;
			};
			name = Debug;
		};
		47E3EF8C28B2EAFE00E7BD09 /* Release */ = {
			isa = XCBuildConfiguration;
			buildSettings = {
				ALWAYS_EMBED_SWIFT_STANDARD_LIBRARIES = YES;
				CODE_SIGN_STYLE = Automatic;
				CURRENT_PROJECT_VERSION = 1;
				DEVELOPMENT_TEAM = 78AHQ4893X;
				GENERATE_INFOPLIST_FILE = YES;
				MARKETING_VERSION = 1.0;
				PRODUCT_BUNDLE_IDENTIFIER = com.jmonsalve.ZemogaTestUITests;
				PRODUCT_NAME = "$(TARGET_NAME)";
				SWIFT_EMIT_LOC_STRINGS = NO;
				SWIFT_VERSION = 5.0;
				TARGETED_DEVICE_FAMILY = "1,2";
				TEST_TARGET_NAME = ZemogaTest;
			};
			name = Release;
		};
/* End XCBuildConfiguration section */

/* Begin XCConfigurationList section */
		47E3EF5528B2EAFC00E7BD09 /* Build configuration list for PBXProject "ZemogaTest" */ = {
			isa = XCConfigurationList;
			buildConfigurations = (
				47E3EF8228B2EAFE00E7BD09 /* Debug */,
				47E3EF8328B2EAFE00E7BD09 /* Release */,
			);
			defaultConfigurationIsVisible = 0;
			defaultConfigurationName = Release;
		};
		47E3EF8428B2EAFE00E7BD09 /* Build configuration list for PBXNativeTarget "ZemogaTest" */ = {
			isa = XCConfigurationList;
			buildConfigurations = (
				47E3EF8528B2EAFE00E7BD09 /* Debug */,
				47E3EF8628B2EAFE00E7BD09 /* Release */,
			);
			defaultConfigurationIsVisible = 0;
			defaultConfigurationName = Release;
		};
		47E3EF8728B2EAFE00E7BD09 /* Build configuration list for PBXNativeTarget "ZemogaTestTests" */ = {
			isa = XCConfigurationList;
			buildConfigurations = (
				47E3EF8828B2EAFE00E7BD09 /* Debug */,
				47E3EF8928B2EAFE00E7BD09 /* Release */,
			);
			defaultConfigurationIsVisible = 0;
			defaultConfigurationName = Release;
		};
		47E3EF8A28B2EAFE00E7BD09 /* Build configuration list for PBXNativeTarget "ZemogaTestUITests" */ = {
			isa = XCConfigurationList;
			buildConfigurations = (
				47E3EF8B28B2EAFE00E7BD09 /* Debug */,
				47E3EF8C28B2EAFE00E7BD09 /* Release */,
			);
			defaultConfigurationIsVisible = 0;
			defaultConfigurationName = Release;
		};
/* End XCConfigurationList section */

/* Begin XCRemoteSwiftPackageReference section */
		478DC99128B3144900C3EC96 /* XCRemoteSwiftPackageReference "Alamofire" */ = {
			isa = XCRemoteSwiftPackageReference;
			repositoryURL = "https://github.com/Alamofire/Alamofire#installation";
			requirement = {
				branch = master;
				kind = branch;
			};
		};
/* End XCRemoteSwiftPackageReference section */

/* Begin XCSwiftPackageProductDependency section */
		478DC99228B3144900C3EC96 /* Alamofire */ = {
			isa = XCSwiftPackageProductDependency;
			package = 478DC99128B3144900C3EC96 /* XCRemoteSwiftPackageReference "Alamofire" */;
			productName = Alamofire;
		};
/* End XCSwiftPackageProductDependency section */
	};
	rootObject = 47E3EF5228B2EAFC00E7BD09 /* Project object */;
}
